
Microsoft Visual Studio Solution File, Format Version 12.00
# Visual Studio 15
VisualStudioVersion = 15.0.27428.2043
MinimumVisualStudioVersion = 10.0.40219.1
Project("{FAE04EC0-301F-11D3-BF4B-00C04F79EFBC}") = "Atr_Mod_dnd5e", "Atr_Mod_dnd5e\Atr_Mod_dnd5e.csproj", "{B82FCBD0-C7F5-423D-86B5-7CE9DFD293F8}"
EndProject
Global
	GlobalSection(SolutionConfigurationPlatforms) = preSolution
		Debug|Any CPU = Debug|Any CPU
		Release|Any CPU = Release|Any CPU
	EndGlobalSection
	GlobalSection(ProjectConfigurationPlatforms) = postSolution
		{B82FCBD0-C7F5-423D-86B5-7CE9DFD293F8}.Debug|Any CPU.ActiveCfg = Debug|Any CPU
		{B82FCBD0-C7F5-423D-86B5-7CE9DFD293F8}.Debug|Any CPU.Build.0 = Debug|Any CPU
		{B82FCBD0-C7F5-423D-86B5-7CE9DFD293F8}.Release|Any CPU.ActiveCfg = Release|Any CPU
		{B82FCBD0-C7F5-423D-86B5-7CE9DFD293F8}.Release|Any CPU.Build.0 = Release|Any CPU
	EndGlobalSection
	GlobalSection(SolutionProperties) = preSolution
		HideSolutionNode = FALSE
	EndGlobalSection
	GlobalSection(ExtensibilityGlobals) = postSolution
		SolutionGuid = {9909784F-FECA-4E0F-B4A9-37AC5DB7F14B}
	EndGlobalSection
EndGlobal
