
Microsoft Visual Studio Solution File, Format Version 12.00
# Visual Studio 15
VisualStudioVersion = 15.0.27428.2043
MinimumVisualStudioVersion = 10.0.40219.1
Project("{FAE04EC0-301F-11D3-BF4B-00C04F79EFBC}") = "dndQuiz_Form", "dndQuiz_Form\dndQuiz_Form.csproj", "{11C5C0A5-DFC5-456F-A5BB-AE32CA71F856}"
EndProject
Global
	GlobalSection(SolutionConfigurationPlatforms) = preSolution
		Debug|Any CPU = Debug|Any CPU
		Release|Any CPU = Release|Any CPU
	EndGlobalSection
	GlobalSection(ProjectConfigurationPlatforms) = postSolution
		{11C5C0A5-DFC5-456F-A5BB-AE32CA71F856}.Debug|Any CPU.ActiveCfg = Debug|Any CPU
		{11C5C0A5-DFC5-456F-A5BB-AE32CA71F856}.Debug|Any CPU.Build.0 = Debug|Any CPU
		{11C5C0A5-DFC5-456F-A5BB-AE32CA71F856}.Release|Any CPU.ActiveCfg = Release|Any CPU
		{11C5C0A5-DFC5-456F-A5BB-AE32CA71F856}.Release|Any CPU.Build.0 = Release|Any CPU
	EndGlobalSection
	GlobalSection(SolutionProperties) = preSolution
		HideSolutionNode = FALSE
	EndGlobalSection
	GlobalSection(ExtensibilityGlobals) = postSolution
		SolutionGuid = {0BC5096A-0321-4D33-A943-727392B27086}
	EndGlobalSection
EndGlobal
