
Microsoft Visual Studio Solution File, Format Version 12.00
# Visual Studio 15
VisualStudioVersion = 15.0.27428.2043
MinimumVisualStudioVersion = 10.0.40219.1
Project("{FAE04EC0-301F-11D3-BF4B-00C04F79EFBC}") = "Dados_roll", "Dados_roll\Dados_roll.csproj", "{8EB7DCB5-2A83-4DD3-8ADD-25E6E117E097}"
EndProject
Global
	GlobalSection(SolutionConfigurationPlatforms) = preSolution
		Debug|Any CPU = Debug|Any CPU
		Release|Any CPU = Release|Any CPU
	EndGlobalSection
	GlobalSection(ProjectConfigurationPlatforms) = postSolution
		{8EB7DCB5-2A83-4DD3-8ADD-25E6E117E097}.Debug|Any CPU.ActiveCfg = Debug|Any CPU
		{8EB7DCB5-2A83-4DD3-8ADD-25E6E117E097}.Debug|Any CPU.Build.0 = Debug|Any CPU
		{8EB7DCB5-2A83-4DD3-8ADD-25E6E117E097}.Release|Any CPU.ActiveCfg = Release|Any CPU
		{8EB7DCB5-2A83-4DD3-8ADD-25E6E117E097}.Release|Any CPU.Build.0 = Release|Any CPU
	EndGlobalSection
	GlobalSection(SolutionProperties) = preSolution
		HideSolutionNode = FALSE
	EndGlobalSection
	GlobalSection(ExtensibilityGlobals) = postSolution
		SolutionGuid = {25C4038E-030D-40CF-9374-114CB974A7A7}
	EndGlobalSection
EndGlobal
