
Microsoft Visual Studio Solution File, Format Version 12.00
# Visual Studio 15
VisualStudioVersion = 15.0.27428.2043
MinimumVisualStudioVersion = 10.0.40219.1
Project("{FAE04EC0-301F-11D3-BF4B-00C04F79EFBC}") = "DnD5e_conversorMoedas", "DnD5e_conversorMoedas\DnD5e_conversorMoedas.csproj", "{2526E819-C12C-421A-ABA8-E10F9E5CDC1A}"
EndProject
Global
	GlobalSection(SolutionConfigurationPlatforms) = preSolution
		Debug|Any CPU = Debug|Any CPU
		Release|Any CPU = Release|Any CPU
	EndGlobalSection
	GlobalSection(ProjectConfigurationPlatforms) = postSolution
		{2526E819-C12C-421A-ABA8-E10F9E5CDC1A}.Debug|Any CPU.ActiveCfg = Debug|Any CPU
		{2526E819-C12C-421A-ABA8-E10F9E5CDC1A}.Debug|Any CPU.Build.0 = Debug|Any CPU
		{2526E819-C12C-421A-ABA8-E10F9E5CDC1A}.Release|Any CPU.ActiveCfg = Release|Any CPU
		{2526E819-C12C-421A-ABA8-E10F9E5CDC1A}.Release|Any CPU.Build.0 = Release|Any CPU
	EndGlobalSection
	GlobalSection(SolutionProperties) = preSolution
		HideSolutionNode = FALSE
	EndGlobalSection
	GlobalSection(ExtensibilityGlobals) = postSolution
		SolutionGuid = {F032B9A0-0231-4346-899A-D1DC8E8286DD}
	EndGlobalSection
EndGlobal
